
Microsoft Visual Studio Solution File, Format Version 12.00
# Visual Studio Version 17
VisualStudioVersion = 17.5.33326.253
MinimumVisualStudioVersion = 10.0.40219.1
Project("{9A19103F-16F7-4668-BE54-9A1E7A4F7556}") = "dflat", "dflat.csproj", "{8842CC58-282F-4B17-BAD2-8EB44FA9C42C}"
EndProject
Project("{2150E333-8FDC-42A3-9474-1A3956D46DE8}") = "scripts", "scripts", "{246ABF90-8198-47F1-8EB8-9522D41A4CCD}"
	ProjectSection(SolutionItems) = preProject
		..\scripts\build.sh = ..\scripts\build.sh
		..\scripts\clean.sh = ..\scripts\clean.sh
		..\scripts\release.sh = ..\scripts\release.sh
		..\scripts\test.bat = ..\scripts\test.bat
		..\scripts\test.sh = ..\scripts\test.sh
	EndProjectSection
EndProject
Project("{2150E333-8FDC-42A3-9474-1A3956D46DE8}") = "Solution Items", "Solution Items", "{478E6D17-85AE-4628-AB2E-258D5343A573}"
	ProjectSection(SolutionItems) = preProject
		..\README.md = ..\README.md
	EndProjectSection
EndProject
Global
	GlobalSection(SolutionConfigurationPlatforms) = preSolution
		Debug|Any CPU = Debug|Any CPU
		Release|Any CPU = Release|Any CPU
	EndGlobalSection
	GlobalSection(ProjectConfigurationPlatforms) = postSolution
		{8842CC58-282F-4B17-BAD2-8EB44FA9C42C}.Debug|Any CPU.ActiveCfg = Debug|Any CPU
		{8842CC58-282F-4B17-BAD2-8EB44FA9C42C}.Debug|Any CPU.Build.0 = Debug|Any CPU
		{8842CC58-282F-4B17-BAD2-8EB44FA9C42C}.Release|Any CPU.ActiveCfg = Release|Any CPU
		{8842CC58-282F-4B17-BAD2-8EB44FA9C42C}.Release|Any CPU.Build.0 = Release|Any CPU
	EndGlobalSection
	GlobalSection(SolutionProperties) = preSolution
		HideSolutionNode = FALSE
	EndGlobalSection
	GlobalSection(NestedProjects) = preSolution
		{246ABF90-8198-47F1-8EB8-9522D41A4CCD} = {478E6D17-85AE-4628-AB2E-258D5343A573}
	EndGlobalSection
	GlobalSection(ExtensibilityGlobals) = postSolution
		SolutionGuid = {5D3A128E-89DF-4638-B465-660DD5AFAB48}
	EndGlobalSection
EndGlobal
